
Microsoft Visual Studio Solution File, Format Version 12.00
# Visual Studio for Mac
Project("{FAE04EC0-301F-11D3-BF4B-00C04F79EFBC}") = "Train Attack 2", "Train Attack 2.csproj", "{9A9FE008-1882-9954-442F-8297C6F2B90C}"
EndProject
Project("{FAE04EC0-301F-11D3-BF4B-00C04F79EFBC}") = "Train Attack 2.Editor", "Train Attack 2.Editor.csproj", "{624B7459-C8C8-BB99-FA61-EFBB29BFA9F8}"
EndProject
Global
	GlobalSection(SolutionConfigurationPlatforms) = preSolution
		Debug|Any CPU = Debug|Any CPU
		Release|Any CPU = Release|Any CPU
	EndGlobalSection
	GlobalSection(ProjectConfigurationPlatforms) = postSolution
		{9A9FE008-1882-9954-442F-8297C6F2B90C}.Debug|Any CPU.ActiveCfg = Debug|Any CPU
		{9A9FE008-1882-9954-442F-8297C6F2B90C}.Debug|Any CPU.Build.0 = Debug|Any CPU
		{9A9FE008-1882-9954-442F-8297C6F2B90C}.Release|Any CPU.ActiveCfg = Release|Any CPU
		{9A9FE008-1882-9954-442F-8297C6F2B90C}.Release|Any CPU.Build.0 = Release|Any CPU
		{624B7459-C8C8-BB99-FA61-EFBB29BFA9F8}.Debug|Any CPU.ActiveCfg = Debug|Any CPU
		{624B7459-C8C8-BB99-FA61-EFBB29BFA9F8}.Debug|Any CPU.Build.0 = Debug|Any CPU
		{624B7459-C8C8-BB99-FA61-EFBB29BFA9F8}.Release|Any CPU.ActiveCfg = Release|Any CPU
		{624B7459-C8C8-BB99-FA61-EFBB29BFA9F8}.Release|Any CPU.Build.0 = Release|Any CPU
	EndGlobalSection
	GlobalSection(SolutionProperties) = preSolution
		HideSolutionNode = FALSE
	EndGlobalSection
EndGlobal
